// !$*UTF8*$!
{
	archiveVersion = 1;
	classes = {
	};
	objectVersion = 56;
	objects = {

/* Begin PBXBuildFile section */
		CAFE0000000000000000T011 /* BusArrivalTests.swift in Sources */ = {isa = PBXBuildFile; fileRef = CAFE0000000000000000T001 /* BusArrivalTests.swift */; };
		CAFE0000000000000000T012 /* BusStopTests.swift in Sources */ = {isa = PBXBuildFile; fileRef = CAFE0000000000000000T002 /* BusStopTests.swift */; };
		CAFE0000000000000000T013 /* FavoritesManagerTests.swift in Sources */ = {isa = PBXBuildFile; fileRef = CAFE0000000000000000T003 /* FavoritesManagerTests.swift */; };
		CAFE0000000000000000T014 /* TransitAPIParsingTests.swift in Sources */ = {isa = PBXBuildFile; fileRef = CAFE0000000000000000T004 /* TransitAPIParsingTests.swift */; };
		CAFE0000000000000000T015 /* AppIntentsTests.swift in Sources */ = {isa = PBXBuildFile; fileRef = CAFE0000000000000000T005 /* AppIntentsTests.swift */; };
		CAFE0000000000000000C003 /* ComplicationUpdater.swift in Sources */ = {isa = PBXBuildFile; fileRef = CAFE0000000000000000C004 /* ComplicationUpdater.swift */; };
		CAFE0000000000000000C001 /* ComplicationWidget.swift in Sources */ = {isa = PBXBuildFile; fileRef = CAFE0000000000000000C002 /* ComplicationWidget.swift */; };
		CAFE000000000000000012A0 /* SFTransitWatchApp.swift in Sources */ = {isa = PBXBuildFile; fileRef = CAFE000000000000000012B0 /* SFTransitWatchApp.swift */; };
		CAFE000000000000000012C0 /* ContentView.swift in Sources */ = {isa = PBXBuildFile; fileRef = CAFE000000000000000012D0 /* ContentView.swift */; };
		CAFE000000000000000012E0 /* Assets.xcassets in Resources */ = {isa = PBXBuildFile; fileRef = CAFE000000000000000012F0 /* Assets.xcassets */; };
		CAFE000000000000000013A0 /* Preview Assets.xcassets in Resources */ = {isa = PBXBuildFile; fileRef = CAFE000000000000000013B0 /* Preview Assets.xcassets */; };
		CAFE000000000000000013C0 /* BusStopListView.swift in Sources */ = {isa = PBXBuildFile; fileRef = CAFE000000000000000013D0 /* BusStopListView.swift */; };
		CAFE000000000000000013E0 /* BusArrivalView.swift in Sources */ = {isa = PBXBuildFile; fileRef = CAFE000000000000000013F0 /* BusArrivalView.swift */; };
		CAFE000000000000000014A0 /* LocationManager.swift in Sources */ = {isa = PBXBuildFile; fileRef = CAFE000000000000000014B0 /* LocationManager.swift */; };
		CAFE000000000000000014C0 /* TransitAPI.swift in Sources */ = {isa = PBXBuildFile; fileRef = CAFE000000000000000014D0 /* TransitAPI.swift */; };
		CAFE000000000000000014E0 /* BusStop.swift in Sources */ = {isa = PBXBuildFile; fileRef = CAFE000000000000000014F0 /* BusStop.swift */; };
		CAFE000000000000000015A0 /* BusArrival.swift in Sources */ = {isa = PBXBuildFile; fileRef = CAFE000000000000000015B0 /* BusArrival.swift */; };
		CAFE000000000000000015CA /* FavoritesManager.swift in Sources */ = {isa = PBXBuildFile; fileRef = CAFE000000000000000015C0 /* FavoritesManager.swift */; };
		CAFE000000000000000015DA /* SettingsView.swift in Sources */ = {isa = PBXBuildFile; fileRef = CAFE000000000000000015D0 /* SettingsView.swift */; };
		CAFE000000000000000015EA /* SiriManager.swift in Sources */ = {isa = PBXBuildFile; fileRef = CAFE000000000000000015E0 /* SiriManager.swift */; };
		CAFE000000000000000015FA /* SiriShortcutsView.swift in Sources */ = {isa = PBXBuildFile; fileRef = CAFE000000000000000015F0 /* SiriShortcutsView.swift */; };
/* End PBXBuildFile section */

/* Begin PBXFileReference section */
		CAFE0000000000000000T001 /* BusArrivalTests.swift */ = {isa = PBXFileReference; lastKnownFileType = sourcecode.swift; path = BusArrivalTests.swift; sourceTree = "<group>"; };
		CAFE0000000000000000T002 /* BusStopTests.swift */ = {isa = PBXFileReference; lastKnownFileType = sourcecode.swift; path = BusStopTests.swift; sourceTree = "<group>"; };
		CAFE0000000000000000T003 /* FavoritesManagerTests.swift */ = {isa = PBXFileReference; lastKnownFileType = sourcecode.swift; path = FavoritesManagerTests.swift; sourceTree = "<group>"; };
		CAFE0000000000000000T004 /* TransitAPIParsingTests.swift */ = {isa = PBXFileReference; lastKnownFileType = sourcecode.swift; path = TransitAPIParsingTests.swift; sourceTree = "<group>"; };
		CAFE0000000000000000T005 /* AppIntentsTests.swift */ = {isa = PBXFileReference; lastKnownFileType = sourcecode.swift; path = AppIntentsTests.swift; sourceTree = "<group>"; };
		CAFE0000000000000000T010 /* SFTransitWatchTests.xctest */ = {isa = PBXFileReference; explicitFileType = wrapper.cfbundle; includeInIndex = 0; path = SFTransitWatchTests.xctest; sourceTree = BUILT_PRODUCTS_DIR; };
		CAFE0000000000000000C004 /* ComplicationUpdater.swift */ = {isa = PBXFileReference; lastKnownFileType = sourcecode.swift; path = ComplicationUpdater.swift; sourceTree = "<group>"; };
		CAFE0000000000000000C002 /* ComplicationWidget.swift */ = {isa = PBXFileReference; lastKnownFileType = sourcecode.swift; path = ComplicationWidget.swift; sourceTree = "<group>"; };
		CAFE0000000000000000C010 /* SFTransitWatch Complication.appex */ = {isa = PBXFileReference; explicitFileType = "wrapper.app-extension"; includeInIndex = 0; path = "SFTransitWatch Complication.appex"; sourceTree = BUILT_PRODUCTS_DIR; };
		CAFE000000000000000012B0 /* SFTransitWatchApp.swift */ = {isa = PBXFileReference; lastKnownFileType = sourcecode.swift; path = SFTransitWatchApp.swift; sourceTree = "<group>"; };
		CAFE000000000000000012D0 /* ContentView.swift */ = {isa = PBXFileReference; lastKnownFileType = sourcecode.swift; path = ContentView.swift; sourceTree = "<group>"; };
		CAFE000000000000000012F0 /* Assets.xcassets */ = {isa = PBXFileReference; lastKnownFileType = folder.assetcatalog; path = Assets.xcassets; sourceTree = "<group>"; };
		CAFE000000000000000013B0 /* Preview Assets.xcassets */ = {isa = PBXFileReference; lastKnownFileType = folder.assetcatalog; path = "Preview Assets.xcassets"; sourceTree = "<group>"; };
		CAFE000000000000000013D0 /* BusStopListView.swift */ = {isa = PBXFileReference; lastKnownFileType = sourcecode.swift; path = BusStopListView.swift; sourceTree = "<group>"; };
		CAFE000000000000000013F0 /* BusArrivalView.swift */ = {isa = PBXFileReference; lastKnownFileType = sourcecode.swift; path = BusArrivalView.swift; sourceTree = "<group>"; };
		CAFE000000000000000014B0 /* LocationManager.swift */ = {isa = PBXFileReference; lastKnownFileType = sourcecode.swift; path = LocationManager.swift; sourceTree = "<group>"; };
		CAFE000000000000000014D0 /* TransitAPI.swift */ = {isa = PBXFileReference; lastKnownFileType = sourcecode.swift; path = TransitAPI.swift; sourceTree = "<group>"; };
		CAFE000000000000000014F0 /* BusStop.swift */ = {isa = PBXFileReference; lastKnownFileType = sourcecode.swift; path = BusStop.swift; sourceTree = "<group>"; };
		CAFE000000000000000015B0 /* BusArrival.swift */ = {isa = PBXFileReference; lastKnownFileType = sourcecode.swift; path = BusArrival.swift; sourceTree = "<group>"; };
		CAFE000000000000000015C0 /* FavoritesManager.swift */ = {isa = PBXFileReference; lastKnownFileType = sourcecode.swift; path = FavoritesManager.swift; sourceTree = "<group>"; };
		CAFE000000000000000015D0 /* SettingsView.swift */ = {isa = PBXFileReference; lastKnownFileType = sourcecode.swift; path = SettingsView.swift; sourceTree = "<group>"; };
		CAFE000000000000000015E0 /* SiriManager.swift */ = {isa = PBXFileReference; lastKnownFileType = sourcecode.swift; path = SiriManager.swift; sourceTree = "<group>"; };
		CAFE000000000000000015F0 /* SiriShortcutsView.swift */ = {isa = PBXFileReference; lastKnownFileType = sourcecode.swift; path = SiriShortcutsView.swift; sourceTree = "<group>"; };
		CAFE000000000000000016A0 /* SFTransitWatch Watch App.app */ = {isa = PBXFileReference; explicitFileType = wrapper.application; includeInIndex = 0; path = "SFTransitWatch Watch App.app"; sourceTree = BUILT_PRODUCTS_DIR; };
/* End PBXFileReference section */

/* Begin PBXFrameworksBuildPhase section */
		CAFE000000000000000017A0 /* Frameworks */ = {
			isa = PBXFrameworksBuildPhase;
			buildActionMask = 2147483647;
			files = (
			);
			runOnlyForDeploymentPostprocessing = 0;
		};
CAFE0000000000000000C033 /* Frameworks */ = {
			isa = PBXFrameworksBuildPhase;
			buildActionMask = 2147483647;
			files = (
			);
			runOnlyForDeploymentPostprocessing = 0;
		};
	CAFE0000000000000000T033 /* Frameworks */ = {
			isa = PBXFrameworksBuildPhase;
			buildActionMask = 2147483647;
			files = (
			);
			runOnlyForDeploymentPostprocessing = 0;
		};
	/* End PBXFrameworksBuildPhase section */

/* Begin PBXGroup section */
		CAFE0000000000000000T020 /* SFTransitWatchTests */ = {
			isa = PBXGroup;
			children = (
				CAFE0000000000000000T001 /* BusArrivalTests.swift */,
				CAFE0000000000000000T002 /* BusStopTests.swift */,
				CAFE0000000000000000T003 /* FavoritesManagerTests.swift */,
				CAFE0000000000000000T004 /* TransitAPIParsingTests.swift */,
				CAFE0000000000000000T005 /* AppIntentsTests.swift */,
			);
			path = SFTransitWatchTests;
			sourceTree = "<group>";
		};
		CAFE0000000000000000C020 /* SFTransitWatch Complication */ = {
			isa = PBXGroup;
			children = (
				CAFE0000000000000000C002 /* ComplicationWidget.swift */,
			);
			path = "SFTransitWatch Complication";
			sourceTree = "<group>";
		};
		CAFE000000000000000018A0 = {
			isa = PBXGroup;
			children = (
				CAFE0000000000000000T020 /* SFTransitWatchTests */,
				CAFE0000000000000000C020 /* SFTransitWatch Complication */,
				CAFE000000000000000018C0 /* SFTransitWatch Watch App */,
				CAFE000000000000000018D0 /* Products */,
			);
			sourceTree = "<group>";
		};
		CAFE000000000000000018C0 /* SFTransitWatch Watch App */ = {
			isa = PBXGroup;
			children = (
				CAFE000000000000000012B0 /* SFTransitWatchApp.swift */,
				CAFE000000000000000012D0 /* ContentView.swift */,
				CAFE000000000000000013D0 /* BusStopListView.swift */,
				CAFE000000000000000013F0 /* BusArrivalView.swift */,
				CAFE000000000000000014B0 /* LocationManager.swift */,
				CAFE000000000000000014D0 /* TransitAPI.swift */,
				CAFE000000000000000014F0 /* BusStop.swift */,
				CAFE000000000000000015B0 /* BusArrival.swift */,
				CAFE000000000000000015C0 /* FavoritesManager.swift */,
				CAFE000000000000000015D0 /* SettingsView.swift */,
				CAFE000000000000000015E0 /* SiriManager.swift */,
				CAFE000000000000000015F0 /* SiriShortcutsView.swift */,
				CAFE0000000000000000C004 /* ComplicationUpdater.swift */,
				CAFE000000000000000012F0 /* Assets.xcassets */,
				CAFE000000000000000019A0 /* Preview Content */,
			);
			path = "SFTransitWatch Watch App";
			sourceTree = "<group>";
		};
		CAFE000000000000000018D0 /* Products */ = {
			isa = PBXGroup;
			children = (
				CAFE0000000000000000T010 /* SFTransitWatchTests.xctest */,
				CAFE0000000000000000C010 /* SFTransitWatch Complication.appex */,
				CAFE000000000000000016A0 /* SFTransitWatch Watch App.app */,
			);
			name = Products;
			sourceTree = "<group>";
		};
		CAFE000000000000000019A0 /* Preview Content */ = {
			isa = PBXGroup;
			children = (
				CAFE000000000000000013B0 /* Preview Assets.xcassets */,
			);
			path = "Preview Content";
			sourceTree = "<group>";
		};
/* End PBXGroup section */

/* Begin PBXNativeTarget section */
		CAFE000000000000000001AA /* SFTransitWatch Watch App */ = {
			isa = PBXNativeTarget;
			buildConfigurationList = CAFE000000000000000001AB /* Build configuration list for PBXNativeTarget "SFTransitWatch Watch App" */;
			buildPhases = (
				CAFE000000000000000001AC /* Sources */,
				CAFE000000000000000017A0 /* Frameworks */,
				CAFE000000000000000001AD /* Resources */,
			);
			buildRules = (
			);
			dependencies = (
			);
			name = "SFTransitWatch Watch App";
			productName = "SFTransitWatch Watch App";
			productReference = CAFE000000000000000016A0 /* SFTransitWatch Watch App.app */;
			productType = "com.apple.product-type.application";
		};
CAFE0000000000000000C030 /* SFTransitWatch Complication */ = {
			isa = PBXNativeTarget;
			buildConfigurationList = CAFE0000000000000000C031 /* Build configuration list for PBXNativeTarget "SFTransitWatch Complication" */;
			buildPhases = (
				CAFE0000000000000000C032 /* Sources */,
				CAFE0000000000000000C033 /* Frameworks */,
				CAFE0000000000000000C034 /* Resources */,
			);
			buildRules = (
			);
			dependencies = (
			);
			name = "SFTransitWatch Complication";
			productName = "SFTransitWatch Complication";
			productReference = CAFE0000000000000000C010 /* SFTransitWatch Complication.appex */;
			productType = "com.apple.product-type.watchkit2-extension";
		};
	CAFE0000000000000000T030 /* SFTransitWatchTests */ = {
			isa = PBXNativeTarget;
			buildConfigurationList = CAFE0000000000000000T031 /* Build configuration list for PBXNativeTarget "SFTransitWatchTests" */;
			buildPhases = (
				CAFE0000000000000000T032 /* Sources */,
				CAFE0000000000000000T033 /* Frameworks */,
			);
			buildRules = (
			);
			dependencies = (
			);
			name = SFTransitWatchTests;
			productName = SFTransitWatchTests;
			productReference = CAFE0000000000000000T010 /* SFTransitWatchTests.xctest */;
			productType = "com.apple.product-type.bundle.unit-test";
		};
	/* End PBXNativeTarget section */

/* Begin PBXProject section */
		CAFE000000000000000000B7 /* Project object */ = {
			isa = PBXProject;
			attributes = {
				BuildIndependentTargetsInParallel = 1;
				LastSwiftUpdateCheck = 1500;
				LastUpgradeCheck = 1500;
				TargetAttributes = {
					CAFE000000000000000001AA = {
						CreatedOnToolsVersion = 15.0;
					};
				};
			};
			buildConfigurationList = CAFE000000000000000001B8 /* Build configuration list for PBXProject "SFTransitWatch" */;
			compatibilityVersion = "Xcode 14.0";
			developmentRegion = en;
			hasScannedForEncodings = 0;
			knownRegions = (
				en,
				Base,
			);
			mainGroup = CAFE000000000000000018A0;
			productRefGroup = CAFE000000000000000018D0 /* Products */;
			projectDirPath = "";
			projectRoot = "";
			targets = (
				CAFE000000000000000001AA /* SFTransitWatch Watch App */,
			);
		};
/* End PBXProject section */

/* Begin PBXResourcesBuildPhase section */
		CAFE000000000000000001AD /* Resources */ = {
			isa = PBXResourcesBuildPhase;
			buildActionMask = 2147483647;
			files = (
				CAFE000000000000000012E0 /* Assets.xcassets in Resources */,
				CAFE000000000000000013A0 /* Preview Assets.xcassets in Resources */,
			);
			runOnlyForDeploymentPostprocessing = 0;
		};
CAFE0000000000000000C034 /* Resources */ = {
			isa = PBXResourcesBuildPhase;
			buildActionMask = 2147483647;
			files = (
			);
			runOnlyForDeploymentPostprocessing = 0;
		};
	/* End PBXResourcesBuildPhase section */

/* Begin PBXSourcesBuildPhase section */
		CAFE000000000000000001AC /* Sources */ = {
			isa = PBXSourcesBuildPhase;
			buildActionMask = 2147483647;
			files = (
				CAFE000000000000000012A0 /* SFTransitWatchApp.swift in Sources */,
				CAFE000000000000000012C0 /* ContentView.swift in Sources */,
				CAFE000000000000000013C0 /* BusStopListView.swift in Sources */,
				CAFE000000000000000013E0 /* BusArrivalView.swift in Sources */,
				CAFE000000000000000014A0 /* LocationManager.swift in Sources */,
				CAFE000000000000000014C0 /* TransitAPI.swift in Sources */,
				CAFE000000000000000014E0 /* BusStop.swift in Sources */,
				CAFE000000000000000015A0 /* BusArrival.swift in Sources */,
				CAFE000000000000000015CA /* FavoritesManager.swift in Sources */,
				CAFE000000000000000015DA /* SettingsView.swift in Sources */,
				CAFE000000000000000015EA /* SiriManager.swift in Sources */,
				CAFE000000000000000015FA /* SiriShortcutsView.swift in Sources */,
				CAFE0000000000000000C003 /* ComplicationUpdater.swift in Sources */,
			);
			runOnlyForDeploymentPostprocessing = 0;
		};
CAFE0000000000000000C032 /* Sources */ = {
			isa = PBXSourcesBuildPhase;
			buildActionMask = 2147483647;
			files = (
				CAFE0000000000000000C001 /* ComplicationWidget.swift in Sources */,
			);
			runOnlyForDeploymentPostprocessing = 0;
		};
	CAFE0000000000000000T032 /* Sources */ = {
			isa = PBXSourcesBuildPhase;
			buildActionMask = 2147483647;
			files = (
				CAFE0000000000000000T011 /* BusArrivalTests.swift in Sources */,
				CAFE0000000000000000T012 /* BusStopTests.swift in Sources */,
				CAFE0000000000000000T013 /* FavoritesManagerTests.swift in Sources */,
				CAFE0000000000000000T014 /* TransitAPIParsingTests.swift in Sources */,
				CAFE0000000000000000T015 /* AppIntentsTests.swift in Sources */,
			);
			runOnlyForDeploymentPostprocessing = 0;
		};
	/* End PBXSourcesBuildPhase section */

/* Begin XCBuildConfiguration section */
		CAFE000000000000000001BA /* Debug */ = {
			isa = XCBuildConfiguration;
			buildSettings = {
				ALWAYS_SEARCH_USER_PATHS = NO;
				ASSETCATALOG_COMPILER_GENERATE_SWIFT_ASSET_SYMBOL_EXTENSIONS = YES;
				CLANG_ANALYZER_NONNULL = YES;
				CLANG_ANALYZER_NUMBER_OBJECT_CONVERSION = YES_AGGRESSIVE;
				CLANG_CXX_LANGUAGE_STANDARD = "gnu++20";
				CLANG_ENABLE_MODULES = YES;
				CLANG_ENABLE_OBJC_ARC = YES;
				CLANG_ENABLE_OBJC_WEAK = YES;
				CLANG_WARN_BLOCK_CAPTURE_AUTORELEASING = YES;
				CLANG_WARN_BOOL_CONVERSION = YES;
				CLANG_WARN_COMMA = YES;
				CLANG_WARN_CONSTANT_CONVERSION = YES;
				CLANG_WARN_DEPRECATED_OBJC_IMPLEMENTATIONS = YES;
				CLANG_WARN_DIRECT_OBJC_ISA_USAGE = YES_ERROR;
				CLANG_WARN_DOCUMENTATION_COMMENTS = YES;
				CLANG_WARN_EMPTY_BODY = YES;
				CLANG_WARN_ENUM_CONVERSION = YES;
				CLANG_WARN_INFINITE_RECURSION = YES;
				CLANG_WARN_INT_CONVERSION = YES;
				CLANG_WARN_NON_LITERAL_NULL_CONVERSION = YES;
				CLANG_WARN_OBJC_IMPLICIT_RETAIN_SELF = YES;
				CLANG_WARN_OBJC_LITERAL_CONVERSION = YES;
				CLANG_WARN_OBJC_ROOT_CLASS = YES_ERROR;
				CLANG_WARN_QUOTED_INCLUDE_IN_FRAMEWORK_HEADER = YES;
				CLANG_WARN_RANGE_LOOP_ANALYSIS = YES;
				CLANG_WARN_STRICT_PROTOTYPES = YES;
				CLANG_WARN_SUSPICIOUS_MOVE = YES;
				CLANG_WARN_UNGUARDED_AVAILABILITY = YES_AGGRESSIVE;
				CLANG_WARN_UNREACHABLE_CODE = YES;
				CLANG_WARN__DUPLICATE_METHOD_MATCH = YES;
				COPY_PHASE_STRIP = NO;
				DEBUG_INFORMATION_FORMAT = dwarf;
				ENABLE_STRICT_OBJC_MSGSEND = YES;
				ENABLE_TESTABILITY = YES;
				ENABLE_USER_SCRIPT_SANDBOXING = YES;
				GCC_C_LANGUAGE_STANDARD = gnu17;
				GCC_DYNAMIC_NO_PIC = NO;
				GCC_NO_COMMON_BLOCKS = YES;
				GCC_OPTIMIZATION_LEVEL = 0;
				GCC_PREPROCESSOR_DEFINITIONS = (
					"DEBUG=1",
					"$(inherited)",
				);
				GCC_WARN_64_TO_32_BIT_CONVERSION = YES;
				GCC_WARN_ABOUT_RETURN_TYPE = YES_ERROR;
				GCC_WARN_UNDECLARED_SELECTOR = YES;
				GCC_WARN_UNINITIALIZED_AUTOS = YES_AGGRESSIVE;
				GCC_WARN_UNUSED_FUNCTION = YES;
				GCC_WARN_UNUSED_VARIABLE = YES;
				LOCALIZATION_PREFERS_STRING_CATALOGS = YES;
				MTL_ENABLE_DEBUG_INFO = INCLUDE_SOURCE;
				MTL_FAST_MATH = YES;
				ONLY_ACTIVE_ARCH = YES;
				SDKROOT = watchos;
				SWIFT_ACTIVE_COMPILATION_CONDITIONS = "DEBUG $(inherited)";
				SWIFT_OPTIMIZATION_LEVEL = "-Onone";
				WATCHOS_DEPLOYMENT_TARGET = 10.0;
			};
			name = Debug;
		};
		CAFE000000000000000001BB /* Release */ = {
			isa = XCBuildConfiguration;
			buildSettings = {
				ALWAYS_SEARCH_USER_PATHS = NO;
				ASSETCATALOG_COMPILER_GENERATE_SWIFT_ASSET_SYMBOL_EXTENSIONS = YES;
				CLANG_ANALYZER_NONNULL = YES;
				CLANG_ANALYZER_NUMBER_OBJECT_CONVERSION = YES_AGGRESSIVE;
				CLANG_CXX_LANGUAGE_STANDARD = "gnu++20";
				CLANG_ENABLE_MODULES = YES;
				CLANG_ENABLE_OBJC_ARC = YES;
				CLANG_ENABLE_OBJC_WEAK = YES;
				CLANG_WARN_BLOCK_CAPTURE_AUTORELEASING = YES;
				CLANG_WARN_BOOL_CONVERSION = YES;
				CLANG_WARN_COMMA = YES;
				CLANG_WARN_CONSTANT_CONVERSION = YES;
				CLANG_WARN_DEPRECATED_OBJC_IMPLEMENTATIONS = YES;
				CLANG_WARN_DIRECT_OBJC_ISA_USAGE = YES_ERROR;
				CLANG_WARN_DOCUMENTATION_COMMENTS = YES;
				CLANG_WARN_EMPTY_BODY = YES;
				CLANG_WARN_ENUM_CONVERSION = YES;
				CLANG_WARN_INFINITE_RECURSION = YES;
				CLANG_WARN_INT_CONVERSION = YES;
				CLANG_WARN_NON_LITERAL_NULL_CONVERSION = YES;
				CLANG_WARN_OBJC_IMPLICIT_RETAIN_SELF = YES;
				CLANG_WARN_OBJC_LITERAL_CONVERSION = YES;
				CLANG_WARN_OBJC_ROOT_CLASS = YES_ERROR;
				CLANG_WARN_QUOTED_INCLUDE_IN_FRAMEWORK_HEADER = YES;
				CLANG_WARN_RANGE_LOOP_ANALYSIS = YES;
				CLANG_WARN_STRICT_PROTOTYPES = YES;
				CLANG_WARN_SUSPICIOUS_MOVE = YES;
				CLANG_WARN_UNGUARDED_AVAILABILITY = YES_AGGRESSIVE;
				CLANG_WARN_UNREACHABLE_CODE = YES;
				CLANG_WARN__DUPLICATE_METHOD_MATCH = YES;
				COPY_PHASE_STRIP = NO;
				DEBUG_INFORMATION_FORMAT = "dwarf-with-dsym";
				ENABLE_NS_ASSERTIONS = NO;
				ENABLE_STRICT_OBJC_MSGSEND = YES;
				ENABLE_USER_SCRIPT_SANDBOXING = YES;
				GCC_C_LANGUAGE_STANDARD = gnu17;
				GCC_NO_COMMON_BLOCKS = YES;
				GCC_WARN_64_TO_32_BIT_CONVERSION = YES;
				GCC_WARN_ABOUT_RETURN_TYPE = YES_ERROR;
				GCC_WARN_UNDECLARED_SELECTOR = YES;
				GCC_WARN_UNINITIALIZED_AUTOS = YES_AGGRESSIVE;
				GCC_WARN_UNUSED_FUNCTION = YES;
				GCC_WARN_UNUSED_VARIABLE = YES;
				LOCALIZATION_PREFERS_STRING_CATALOGS = YES;
				MTL_ENABLE_DEBUG_INFO = NO;
				MTL_FAST_MATH = YES;
				SDKROOT = watchos;
				SWIFT_COMPILATION_MODE = wholemodule;
				WATCHOS_DEPLOYMENT_TARGET = 10.0;
			};
			name = Release;
		};
		CAFE000000000000000001BE /* Debug */ = {
			isa = XCBuildConfiguration;
			buildSettings = {
				ASSETCATALOG_COMPILER_APPICON_NAME = AppIcon;
				ASSETCATALOG_COMPILER_GLOBAL_ACCENT_COLOR_NAME = AccentColor;
				CODE_SIGN_STYLE = Automatic;
				CURRENT_PROJECT_VERSION = 1;
				DEVELOPMENT_TEAM = 7W4U5RR9QZ;
				GENERATE_INFOPLIST_FILE = NO;
				INFOPLIST_FILE = "SFTransitWatch Watch App/Info.plist";
				INFOPLIST_KEY_NSLocationWhenInUseUsageDescription = "This app needs location access to find nearby bus stops.";
				INFOPLIST_KEY_WKApplication = YES;
				INFOPLIST_KEY_WKRunsIndependentlyOfCompanionApp = YES;
				INFOPLIST_KEY_WKCompanionAppBundleIdentifier = "org.larner.SFTransitWatch";
				LD_RUNPATH_SEARCH_PATHS = (
					"$(inherited)",
					"@executable_path/Frameworks",
				);
				MARKETING_VERSION = 1.0;
				PRODUCT_BUNDLE_IDENTIFIER = org.larner.SFTransitWatch.watchkitapp;
				PRODUCT_NAME = "$(TARGET_NAME)";
				SDKROOT = watchos;
				SWIFT_EMIT_LOC_STRINGS = YES;
				SWIFT_VERSION = 5.0;
				TARGETED_DEVICE_FAMILY = 4;
				WATCHOS_DEPLOYMENT_TARGET = 10.0;
			};
			name = Debug;
		};
		CAFE000000000000000001BF /* Release */ = {
			isa = XCBuildConfiguration;
			buildSettings = {
				ASSETCATALOG_COMPILER_APPICON_NAME = AppIcon;
				ASSETCATALOG_COMPILER_GLOBAL_ACCENT_COLOR_NAME = AccentColor;
				CODE_SIGN_STYLE = Automatic;
				CURRENT_PROJECT_VERSION = 1;
				DEVELOPMENT_TEAM = 7W4U5RR9QZ;
				GENERATE_INFOPLIST_FILE = NO;
				INFOPLIST_FILE = "SFTransitWatch Watch App/Info.plist";
				INFOPLIST_KEY_NSLocationWhenInUseUsageDescription = "This app needs location access to find nearby bus stops.";
				INFOPLIST_KEY_WKApplication = YES;
				INFOPLIST_KEY_WKRunsIndependentlyOfCompanionApp = YES;
				INFOPLIST_KEY_WKCompanionAppBundleIdentifier = "org.larner.SFTransitWatch";
				LD_RUNPATH_SEARCH_PATHS = (
					"$(inherited)",
					"@executable_path/Frameworks",
				);
				MARKETING_VERSION = 1.0;
				PRODUCT_BUNDLE_IDENTIFIER = org.larner.SFTransitWatch.watchkitapp;
				PRODUCT_NAME = "$(TARGET_NAME)";
				SDKROOT = watchos;
				SWIFT_EMIT_LOC_STRINGS = YES;
				SWIFT_VERSION = 5.0;
				TARGETED_DEVICE_FAMILY = 4;
				WATCHOS_DEPLOYMENT_TARGET = 10.0;
			};
			name = Release;
		};
CAFE0000000000000000C035 /* Debug */ = {
			isa = XCBuildConfiguration;
			buildSettings = {
				CODE_SIGN_STYLE = Automatic;
				CURRENT_PROJECT_VERSION = 1;
				DEVELOPMENT_TEAM = 7W4U5RR9QZ;
				GENERATE_INFOPLIST_FILE = YES;
				INFOPLIST_KEY_CFBundleDisplayName = "SF Transit Complication";
				INFOPLIST_KEY_NSExtensionPointIdentifier = "com.apple.widgetkit-extension";
				LD_RUNPATH_SEARCH_PATHS = (
					"$(inherited)",
					"/Frameworks",
					"/../../Frameworks",
				);
				MARKETING_VERSION = 1.0;
				PRODUCT_BUNDLE_IDENTIFIER = "org.larner.SFTransitWatch.complication";
				PRODUCT_NAME = "$(TARGET_NAME)";
				SDKROOT = watchos;
				SKIP_INSTALL = YES;
				SWIFT_VERSION = 5.0;
				TARGETED_DEVICE_FAMILY = 4;
				WATCHOS_DEPLOYMENT_TARGET = 10.0;
			};
			name = Debug;
		};
		CAFE0000000000000000C036 /* Release */ = {
			isa = XCBuildConfiguration;
			buildSettings = {
				CODE_SIGN_STYLE = Automatic;
				CURRENT_PROJECT_VERSION = 1;
				DEVELOPMENT_TEAM = 7W4U5RR9QZ;
				GENERATE_INFOPLIST_FILE = YES;
				INFOPLIST_KEY_CFBundleDisplayName = "SF Transit Complication";
				INFOPLIST_KEY_NSExtensionPointIdentifier = "com.apple.widgetkit-extension";
				LD_RUNPATH_SEARCH_PATHS = (
					"$(inherited)",
					"/Frameworks",
					"/../../Frameworks",
				);
				MARKETING_VERSION = 1.0;
				PRODUCT_BUNDLE_IDENTIFIER = "org.larner.SFTransitWatch.complication";
				PRODUCT_NAME = "$(TARGET_NAME)";
				SDKROOT = watchos;
				SKIP_INSTALL = YES;
				SWIFT_VERSION = 5.0;
				TARGETED_DEVICE_FAMILY = 4;
				WATCHOS_DEPLOYMENT_TARGET = 10.0;
			};
			name = Release;
		};
	CAFE0000000000000000T035 /* Debug */ = {
			isa = XCBuildConfiguration;
			buildSettings = {
				BUNDLE_LOADER = "20 20 12 61 79 80 81 98 701 33 100 204 250 395 398 399 400TEST_HOST)";
				CODE_SIGN_STYLE = Automatic;
				CURRENT_PROJECT_VERSION = 1;
				DEVELOPMENT_TEAM = 7W4U5RR9QZ;
				GENERATE_INFOPLIST_FILE = YES;
				MARKETING_VERSION = 1.0;
				PRODUCT_BUNDLE_IDENTIFIER = "org.larner.SFTransitWatch.tests";
				PRODUCT_NAME = "$(TARGET_NAME)";
				SDKROOT = watchos;
				SWIFT_VERSION = 5.0;
				TARGETED_DEVICE_FAMILY = 4;
				TEST_HOST = "20 20 12 61 79 80 81 98 701 33 100 204 250 395 398 399 400BUILT_PRODUCTS_DIR)/SFTransitWatch Watch App.app/SFTransitWatch Watch App";
				WATCHOS_DEPLOYMENT_TARGET = 10.0;
			};
			name = Debug;
		};
		CAFE0000000000000000T036 /* Release */ = {
			isa = XCBuildConfiguration;
			buildSettings = {
				BUNDLE_LOADER = "20 20 12 61 79 80 81 98 701 33 100 204 250 395 398 399 400TEST_HOST)";
				CODE_SIGN_STYLE = Automatic;
				CURRENT_PROJECT_VERSION = 1;
				DEVELOPMENT_TEAM = 7W4U5RR9QZ;
				GENERATE_INFOPLIST_FILE = YES;
				MARKETING_VERSION = 1.0;
				PRODUCT_BUNDLE_IDENTIFIER = "org.larner.SFTransitWatch.tests";
				PRODUCT_NAME = "$(TARGET_NAME)";
				SDKROOT = watchos;
				SWIFT_VERSION = 5.0;
				TARGETED_DEVICE_FAMILY = 4;
				TEST_HOST = "20 20 12 61 79 80 81 98 701 33 100 204 250 395 398 399 400BUILT_PRODUCTS_DIR)/SFTransitWatch Watch App.app/SFTransitWatch Watch App";
				WATCHOS_DEPLOYMENT_TARGET = 10.0;
			};
			name = Release;
		};
	/* End XCBuildConfiguration section */

/* Begin XCConfigurationList section */
		CAFE000000000000000001AB /* Build configuration list for PBXNativeTarget "SFTransitWatch Watch App" */ = {
			isa = XCConfigurationList;
			buildConfigurations = (
				CAFE000000000000000001BE /* Debug */,
				CAFE000000000000000001BF /* Release */,
			);
			defaultConfigurationIsVisible = 0;
			defaultConfigurationName = Release;
		};
		CAFE000000000000000001B8 /* Build configuration list for PBXProject "SFTransitWatch" */ = {
			isa = XCConfigurationList;
			buildConfigurations = (
				CAFE000000000000000001BA /* Debug */,
				CAFE000000000000000001BB /* Release */,
			);
			defaultConfigurationIsVisible = 0;
			defaultConfigurationName = Release;
		};
CAFE0000000000000000C031 /* Build configuration list for PBXNativeTarget "SFTransitWatch Complication" */ = {
			isa = XCConfigurationList;
			buildConfigurations = (
				CAFE0000000000000000C035 /* Debug */,
				CAFE0000000000000000C036 /* Release */,
			);
			defaultConfigurationIsVisible = 0;
			defaultConfigurationName = Release;
		};
	CAFE0000000000000000T031 /* Build configuration list for PBXNativeTarget "SFTransitWatchTests" */ = {
			isa = XCConfigurationList;
			buildConfigurations = (
				CAFE0000000000000000T035 /* Debug */,
				CAFE0000000000000000T036 /* Release */,
			);
			defaultConfigurationIsVisible = 0;
			defaultConfigurationName = Release;
		};
	/* End XCConfigurationList section */
	};
	rootObject = CAFE000000000000000000B7 /* Project object */;
}
