// !$*UTF8*$!
{
	archiveVersion = 1;
	classes = {
	};
	objectVersion = 56;
	objects = {

/* Begin PBXBuildFile section */
		CAFE000000000000000012A0 /* SFTransitWatchApp.swift in Sources */ = {isa = PBXBuildFile; fileRef = CAFE000000000000000012B0 /* SFTransitWatchApp.swift */; };
		CAFE000000000000000012C0 /* ContentView.swift in Sources */ = {isa = PBXBuildFile; fileRef = CAFE000000000000000012D0 /* ContentView.swift */; };
		CAFE000000000000000012E0 /* Assets.xcassets in Resources */ = {isa = PBXBuildFile; fileRef = CAFE000000000000000012F0 /* Assets.xcassets */; };
		CAFE000000000000000013A0 /* Preview Assets.xcassets in Resources */ = {isa = PBXBuildFile; fileRef = CAFE000000000000000013B0 /* Preview Assets.xcassets */; };
		CAFE000000000000000013C0 /* BusStopListView.swift in Sources */ = {isa = PBXBuildFile; fileRef = CAFE000000000000000013D0 /* BusStopListView.swift */; };
		CAFE000000000000000013E0 /* BusArrivalView.swift in Sources */ = {isa = PBXBuildFile; fileRef = CAFE000000000000000013F0 /* BusArrivalView.swift */; };
		CAFE000000000000000014A0 /* LocationManager.swift in Sources */ = {isa = PBXBuildFile; fileRef = CAFE000000000000000014B0 /* LocationManager.swift */; };
		CAFE000000000000000014C0 /* TransitAPI.swift in Sources */ = {isa = PBXBuildFile; fileRef = CAFE000000000000000014D0 /* TransitAPI.swift */; };
		CAFE000000000000000014E0 /* BusStop.swift in Sources */ = {isa = PBXBuildFile; fileRef = CAFE000000000000000014F0 /* BusStop.swift */; };
		CAFE000000000000000015A0 /* BusArrival.swift in Sources */ = {isa = PBXBuildFile; fileRef = CAFE000000000000000015B0 /* BusArrival.swift */; };
		CAFE000000000000000015CA /* FavoritesManager.swift in Sources */ = {isa = PBXBuildFile; fileRef = CAFE000000000000000015C0 /* FavoritesManager.swift */; };
		CAFE000000000000000015DA /* SettingsView.swift in Sources */ = {isa = PBXBuildFile; fileRef = CAFE000000000000000015D0 /* SettingsView.swift */; };
		CAFE000000000000000015EA /* SiriManager.swift in Sources */ = {isa = PBXBuildFile; fileRef = CAFE000000000000000015E0 /* SiriManager.swift */; };
		CAFE000000000000000015FA /* SiriShortcutsView.swift in Sources */ = {isa = PBXBuildFile; fileRef = CAFE000000000000000015F0 /* SiriShortcutsView.swift */; };
		CAFE000000000000000020A0 /* SFTransitWatchApp.swift in Sources */ = {isa = PBXBuildFile; fileRef = CAFE000000000000000020B0 /* SFTransitWatchApp.swift */; };
		CAFE000000000000000020A1 /* ContentView.swift in Sources */ = {isa = PBXBuildFile; fileRef = CAFE000000000000000020B1 /* ContentView.swift */; };
		CAFE000000000000000020A2 /* BusStopListView.swift in Sources */ = {isa = PBXBuildFile; fileRef = CAFE000000000000000020B2 /* BusStopListView.swift */; };
		CAFE000000000000000020A3 /* BusArrivalView.swift in Sources */ = {isa = PBXBuildFile; fileRef = CAFE000000000000000020B3 /* BusArrivalView.swift */; };
		CAFE000000000000000020A4 /* LocationManager.swift in Sources */ = {isa = PBXBuildFile; fileRef = CAFE000000000000000020B4 /* LocationManager.swift */; };
		CAFE000000000000000020A5 /* TransitAPI.swift in Sources */ = {isa = PBXBuildFile; fileRef = CAFE000000000000000020B5 /* TransitAPI.swift */; };
		CAFE000000000000000020A6 /* BusStop.swift in Sources */ = {isa = PBXBuildFile; fileRef = CAFE000000000000000020B6 /* BusStop.swift */; };
		CAFE000000000000000020A7 /* BusArrival.swift in Sources */ = {isa = PBXBuildFile; fileRef = CAFE000000000000000020B7 /* BusArrival.swift */; };
		CAFE000000000000000020A8 /* FavoritesManager.swift in Sources */ = {isa = PBXBuildFile; fileRef = CAFE000000000000000020B8 /* FavoritesManager.swift */; };
		CAFE000000000000000020A9 /* SettingsView.swift in Sources */ = {isa = PBXBuildFile; fileRef = CAFE000000000000000020B9 /* SettingsView.swift */; };
		CAFE000000000000000020AA /* SiriManager.swift in Sources */ = {isa = PBXBuildFile; fileRef = CAFE000000000000000020BA /* SiriManager.swift */; };
		CAFE000000000000000020AB /* SiriShortcutsView.swift in Sources */ = {isa = PBXBuildFile; fileRef = CAFE000000000000000020BB /* SiriShortcutsView.swift */; };
		CAFE000000000000000020AC /* Assets.xcassets in Resources */ = {isa = PBXBuildFile; fileRef = CAFE000000000000000020BC /* Assets.xcassets */; };
		CAFE000000000000000020AD /* Preview Assets.xcassets in Resources */ = {isa = PBXBuildFile; fileRef = CAFE000000000000000020BD /* Preview Assets.xcassets */; };
		CAFE000000000000000020AE /* SFTransitWatch Watch App.app in Embed Watch Content */ = {isa = PBXBuildFile; fileRef = CAFE000000000000000016A0 /* SFTransitWatch Watch App.app */; settings = {ATTRIBUTES = (RemoveHeadersOnCopy, ); }; };
		CAFE000000000000000020F8 /* WatchSession.swift in Sources */ = {isa = PBXBuildFile; fileRef = CAFE000000000000000020F9 /* WatchSession.swift */; };
		CAFE000000000000000020FA /* PhoneSession.swift in Sources */ = {isa = PBXBuildFile; fileRef = CAFE000000000000000020FB /* PhoneSession.swift */; };
		CAFE0000000000000000C003 /* ComplicationUpdater.swift in Sources */ = {isa = PBXBuildFile; fileRef = CAFE0000000000000000C004 /* ComplicationUpdater.swift */; };
		CAFE0000000000000000P002 /* PinnedStopsManager.swift in Sources */ = {isa = PBXBuildFile; fileRef = CAFE0000000000000000P001 /* PinnedStopsManager.swift */; };
		CAFE0000000000000000X002 /* SIRIXMLParser.swift in Sources */ = {isa = PBXBuildFile; fileRef = CAFE0000000000000000X001 /* SIRIXMLParser.swift */; };
/* End PBXBuildFile section */

/* Begin PBXContainerItemProxy section */
		CAFE000000000000000020D4 /* PBXContainerItemProxy */ = {
			isa = PBXContainerItemProxy;
			containerPortal = CAFE000000000000000000B7 /* Project object */;
			proxyType = 1;
			remoteGlobalIDString = CAFE000000000000000001AA;
			remoteInfo = "SFTransitWatch Watch App";
		};
/* End PBXContainerItemProxy section */

/* Begin PBXCopyFilesBuildPhase section */
		CAFE000000000000000020D3 /* Embed Watch Content */ = {
			isa = PBXCopyFilesBuildPhase;
			buildActionMask = 2147483647;
			dstPath = "$(CONTENTS_FOLDER_PATH)/Watch";
			dstSubfolderSpec = 16;
			files = (
				CAFE000000000000000020AE /* SFTransitWatch Watch App.app in Embed Watch Content */,
			);
			name = "Embed Watch Content";
			runOnlyForDeploymentPostprocessing = 0;
		};
/* End PBXCopyFilesBuildPhase section */

/* Begin PBXFileReference section */
		CAFE000000000000000012B0 /* SFTransitWatchApp.swift */ = {isa = PBXFileReference; lastKnownFileType = sourcecode.swift; path = SFTransitWatchApp.swift; sourceTree = "<group>"; };
		CAFE000000000000000012D0 /* ContentView.swift */ = {isa = PBXFileReference; lastKnownFileType = sourcecode.swift; path = ContentView.swift; sourceTree = "<group>"; };
		CAFE000000000000000012F0 /* Assets.xcassets */ = {isa = PBXFileReference; lastKnownFileType = folder.assetcatalog; path = Assets.xcassets; sourceTree = "<group>"; };
		CAFE000000000000000013B0 /* Preview Assets.xcassets */ = {isa = PBXFileReference; lastKnownFileType = folder.assetcatalog; path = "Preview Assets.xcassets"; sourceTree = "<group>"; };
		CAFE000000000000000013D0 /* BusStopListView.swift */ = {isa = PBXFileReference; lastKnownFileType = sourcecode.swift; path = BusStopListView.swift; sourceTree = "<group>"; };
		CAFE000000000000000013F0 /* BusArrivalView.swift */ = {isa = PBXFileReference; lastKnownFileType = sourcecode.swift; path = BusArrivalView.swift; sourceTree = "<group>"; };
		CAFE000000000000000014B0 /* LocationManager.swift */ = {isa = PBXFileReference; lastKnownFileType = sourcecode.swift; path = LocationManager.swift; sourceTree = "<group>"; };
		CAFE000000000000000014D0 /* TransitAPI.swift */ = {isa = PBXFileReference; lastKnownFileType = sourcecode.swift; path = TransitAPI.swift; sourceTree = "<group>"; };
		CAFE000000000000000014F0 /* BusStop.swift */ = {isa = PBXFileReference; lastKnownFileType = sourcecode.swift; path = BusStop.swift; sourceTree = "<group>"; };
		CAFE000000000000000015B0 /* BusArrival.swift */ = {isa = PBXFileReference; lastKnownFileType = sourcecode.swift; path = BusArrival.swift; sourceTree = "<group>"; };
		CAFE000000000000000015C0 /* FavoritesManager.swift */ = {isa = PBXFileReference; lastKnownFileType = sourcecode.swift; path = FavoritesManager.swift; sourceTree = "<group>"; };
		CAFE000000000000000015D0 /* SettingsView.swift */ = {isa = PBXFileReference; lastKnownFileType = sourcecode.swift; path = SettingsView.swift; sourceTree = "<group>"; };
		CAFE000000000000000015E0 /* SiriManager.swift */ = {isa = PBXFileReference; lastKnownFileType = sourcecode.swift; path = SiriManager.swift; sourceTree = "<group>"; };
		CAFE000000000000000015F0 /* SiriShortcutsView.swift */ = {isa = PBXFileReference; lastKnownFileType = sourcecode.swift; path = SiriShortcutsView.swift; sourceTree = "<group>"; };
		CAFE0000000000000000P001 /* PinnedStopsManager.swift */ = {isa = PBXFileReference; lastKnownFileType = sourcecode.swift; path = PinnedStopsManager.swift; sourceTree = "<group>"; };
		CAFE0000000000000000X001 /* SIRIXMLParser.swift */ = {isa = PBXFileReference; lastKnownFileType = sourcecode.swift; path = SIRIXMLParser.swift; sourceTree = "<group>"; };
		CAFE000000000000000016A0 /* SFTransitWatch Watch App.app */ = {isa = PBXFileReference; explicitFileType = wrapper.application; includeInIndex = 0; path = "SFTransitWatch Watch App.app"; sourceTree = BUILT_PRODUCTS_DIR; };
		CAFE000000000000000020B0 /* SFTransitWatchApp.swift */ = {isa = PBXFileReference; lastKnownFileType = sourcecode.swift; path = SFTransitWatchApp.swift; sourceTree = "<group>"; };
		CAFE000000000000000020B1 /* ContentView.swift */ = {isa = PBXFileReference; lastKnownFileType = sourcecode.swift; path = ContentView.swift; sourceTree = "<group>"; };
		CAFE000000000000000020B2 /* BusStopListView.swift */ = {isa = PBXFileReference; lastKnownFileType = sourcecode.swift; path = BusStopListView.swift; sourceTree = "<group>"; };
		CAFE000000000000000020B3 /* BusArrivalView.swift */ = {isa = PBXFileReference; lastKnownFileType = sourcecode.swift; path = BusArrivalView.swift; sourceTree = "<group>"; };
		CAFE000000000000000020B4 /* LocationManager.swift */ = {isa = PBXFileReference; lastKnownFileType = sourcecode.swift; path = LocationManager.swift; sourceTree = "<group>"; };
		CAFE000000000000000020B5 /* TransitAPI.swift */ = {isa = PBXFileReference; lastKnownFileType = sourcecode.swift; path = TransitAPI.swift; sourceTree = "<group>"; };
		CAFE000000000000000020B6 /* BusStop.swift */ = {isa = PBXFileReference; lastKnownFileType = sourcecode.swift; path = BusStop.swift; sourceTree = "<group>"; };
		CAFE000000000000000020B7 /* BusArrival.swift */ = {isa = PBXFileReference; lastKnownFileType = sourcecode.swift; path = BusArrival.swift; sourceTree = "<group>"; };
		CAFE000000000000000020B8 /* FavoritesManager.swift */ = {isa = PBXFileReference; lastKnownFileType = sourcecode.swift; path = FavoritesManager.swift; sourceTree = "<group>"; };
		CAFE000000000000000020B9 /* SettingsView.swift */ = {isa = PBXFileReference; lastKnownFileType = sourcecode.swift; path = SettingsView.swift; sourceTree = "<group>"; };
		CAFE000000000000000020BA /* SiriManager.swift */ = {isa = PBXFileReference; lastKnownFileType = sourcecode.swift; path = SiriManager.swift; sourceTree = "<group>"; };
		CAFE000000000000000020BB /* SiriShortcutsView.swift */ = {isa = PBXFileReference; lastKnownFileType = sourcecode.swift; path = SiriShortcutsView.swift; sourceTree = "<group>"; };
		CAFE000000000000000020BC /* Assets.xcassets */ = {isa = PBXFileReference; lastKnownFileType = folder.assetcatalog; path = Assets.xcassets; sourceTree = "<group>"; };
		CAFE000000000000000020BD /* Preview Assets.xcassets */ = {isa = PBXFileReference; lastKnownFileType = folder.assetcatalog; path = "Preview Assets.xcassets"; sourceTree = "<group>"; };
		CAFE000000000000000020BE /* Info.plist */ = {isa = PBXFileReference; lastKnownFileType = text.plist.xml; path = Info.plist; sourceTree = "<group>"; };
		CAFE000000000000000020BF /* SFTransitWatch.app */ = {isa = PBXFileReference; explicitFileType = wrapper.application; includeInIndex = 0; path = SFTransitWatch.app; sourceTree = BUILT_PRODUCTS_DIR; };
		CAFE000000000000000020F9 /* WatchSession.swift */ = {isa = PBXFileReference; lastKnownFileType = sourcecode.swift; path = WatchSession.swift; sourceTree = "<group>"; };
		CAFE000000000000000020FB /* PhoneSession.swift */ = {isa = PBXFileReference; lastKnownFileType = sourcecode.swift; path = PhoneSession.swift; sourceTree = "<group>"; };
		CAFE000000000000000020FC /* Config.xcconfig */ = {isa = PBXFileReference; lastKnownFileType = text.xcconfig; path = Config.xcconfig; sourceTree = "<group>"; };
		CAFE000000000000000020FD /* SFTransitWatch Watch App.entitlements */ = {isa = PBXFileReference; lastKnownFileType = text.plist.entitlements; path = "SFTransitWatch Watch App.entitlements"; sourceTree = "<group>"; };
		CAFE0000000000000000C002 /* ComplicationWidget.swift */ = {isa = PBXFileReference; lastKnownFileType = sourcecode.swift; path = ComplicationWidget.swift; sourceTree = "<group>"; };
		CAFE0000000000000000C004 /* ComplicationUpdater.swift */ = {isa = PBXFileReference; lastKnownFileType = sourcecode.swift; path = ComplicationUpdater.swift; sourceTree = "<group>"; };
		CAFE0000000000000000C010 /* SFTransitWatch Complication.appex */ = {isa = PBXFileReference; explicitFileType = "wrapper.app-extension"; includeInIndex = 0; path = "SFTransitWatch Complication.appex"; sourceTree = BUILT_PRODUCTS_DIR; };
		CAFE0000000000000000T001 /* BusArrivalTests.swift */ = {isa = PBXFileReference; lastKnownFileType = sourcecode.swift; path = BusArrivalTests.swift; sourceTree = "<group>"; };
		CAFE0000000000000000T002 /* BusStopTests.swift */ = {isa = PBXFileReference; lastKnownFileType = sourcecode.swift; path = BusStopTests.swift; sourceTree = "<group>"; };
		CAFE0000000000000000T003 /* FavoritesManagerTests.swift */ = {isa = PBXFileReference; lastKnownFileType = sourcecode.swift; path = FavoritesManagerTests.swift; sourceTree = "<group>"; };
		CAFE0000000000000000T004 /* TransitAPIParsingTests.swift */ = {isa = PBXFileReference; lastKnownFileType = sourcecode.swift; path = TransitAPIParsingTests.swift; sourceTree = "<group>"; };
		CAFE0000000000000000T005 /* AppIntentsTests.swift */ = {isa = PBXFileReference; lastKnownFileType = sourcecode.swift; path = AppIntentsTests.swift; sourceTree = "<group>"; };
		CAFE0000000000000000T010 /* SFTransitWatchTests.xctest */ = {isa = PBXFileReference; explicitFileType = wrapper.cfbundle; includeInIndex = 0; path = SFTransitWatchTests.xctest; sourceTree = BUILT_PRODUCTS_DIR; };
/* End PBXFileReference section */

/* Begin PBXFrameworksBuildPhase section */
		CAFE000000000000000017A0 /* Frameworks */ = {
			isa = PBXFrameworksBuildPhase;
			buildActionMask = 2147483647;
			files = (
			);
			runOnlyForDeploymentPostprocessing = 0;
		};
		CAFE000000000000000020D2 /* Frameworks */ = {
			isa = PBXFrameworksBuildPhase;
			buildActionMask = 2147483647;
			files = (
			);
			runOnlyForDeploymentPostprocessing = 0;
		};
/* End PBXFrameworksBuildPhase section */

/* Begin PBXGroup section */
		84F1E6EC2F92778100742F6A /* Recovered References */ = {
			isa = PBXGroup;
			children = (
				CAFE000000000000000020FC /* Config.xcconfig */,
			);
			name = "Recovered References";
			sourceTree = "<group>";
		};
		CAFE000000000000000018A0 = {
			isa = PBXGroup;
			children = (
				CAFE000000000000000020C0 /* SFTransitWatch */,
				CAFE0000000000000000T020 /* SFTransitWatchTests */,
				CAFE0000000000000000C020 /* SFTransitWatch Complication */,
				CAFE000000000000000018C0 /* SFTransitWatch Watch App */,
				CAFE000000000000000018D0 /* Products */,
				84F1E6EC2F92778100742F6A /* Recovered References */,
			);
			sourceTree = "<group>";
		};
		CAFE000000000000000018C0 /* SFTransitWatch Watch App */ = {
			isa = PBXGroup;
			children = (
				CAFE000000000000000012B0 /* SFTransitWatchApp.swift */,
				CAFE000000000000000012D0 /* ContentView.swift */,
				CAFE000000000000000013D0 /* BusStopListView.swift */,
				CAFE000000000000000013F0 /* BusArrivalView.swift */,
				CAFE000000000000000014B0 /* LocationManager.swift */,
				CAFE000000000000000014D0 /* TransitAPI.swift */,
				CAFE000000000000000014F0 /* BusStop.swift */,
				CAFE000000000000000015B0 /* BusArrival.swift */,
				CAFE000000000000000015C0 /* FavoritesManager.swift */,
				CAFE000000000000000015D0 /* SettingsView.swift */,
				CAFE000000000000000015E0 /* SiriManager.swift */,
				CAFE000000000000000015F0 /* SiriShortcutsView.swift */,
				CAFE0000000000000000P001 /* PinnedStopsManager.swift */,
				CAFE0000000000000000X001 /* SIRIXMLParser.swift */,
				CAFE0000000000000000C004 /* ComplicationUpdater.swift */,
				CAFE000000000000000020F9 /* WatchSession.swift */,
				CAFE000000000000000012F0 /* Assets.xcassets */,
				CAFE000000000000000020FD /* SFTransitWatch Watch App.entitlements */,
				CAFE000000000000000019A0 /* Preview Content */,
			);
			path = "SFTransitWatch Watch App";
			sourceTree = "<group>";
		};
		CAFE000000000000000018D0 /* Products */ = {
			isa = PBXGroup;
			children = (
				CAFE0000000000000000T010 /* SFTransitWatchTests.xctest */,
				CAFE0000000000000000C010 /* SFTransitWatch Complication.appex */,
				CAFE000000000000000016A0 /* SFTransitWatch Watch App.app */,
				CAFE000000000000000020BF /* SFTransitWatch.app */,
			);
			name = Products;
			sourceTree = "<group>";
		};
		CAFE000000000000000019A0 /* Preview Content */ = {
			isa = PBXGroup;
			children = (
				CAFE000000000000000013B0 /* Preview Assets.xcassets */,
			);
			path = "Preview Content";
			sourceTree = "<group>";
		};
		CAFE000000000000000020C0 /* SFTransitWatch */ = {
			isa = PBXGroup;
			children = (
				CAFE000000000000000020B0 /* SFTransitWatchApp.swift */,
				CAFE000000000000000020B1 /* ContentView.swift */,
				CAFE000000000000000020B2 /* BusStopListView.swift */,
				CAFE000000000000000020B3 /* BusArrivalView.swift */,
				CAFE000000000000000020B4 /* LocationManager.swift */,
				CAFE000000000000000020B5 /* TransitAPI.swift */,
				CAFE000000000000000020B6 /* BusStop.swift */,
				CAFE000000000000000020B7 /* BusArrival.swift */,
				CAFE000000000000000020B8 /* FavoritesManager.swift */,
				CAFE000000000000000020B9 /* SettingsView.swift */,
				CAFE000000000000000020BA /* SiriManager.swift */,
				CAFE000000000000000020BB /* SiriShortcutsView.swift */,
				CAFE000000000000000020FB /* PhoneSession.swift */,
				CAFE000000000000000020BC /* Assets.xcassets */,
				CAFE000000000000000020BE /* Info.plist */,
				CAFE000000000000000020C1 /* Preview Content */,
			);
			path = SFTransitWatch;
			sourceTree = "<group>";
		};
		CAFE000000000000000020C1 /* Preview Content */ = {
			isa = PBXGroup;
			children = (
				CAFE000000000000000020BD /* Preview Assets.xcassets */,
			);
			path = "Preview Content";
			sourceTree = "<group>";
		};
		CAFE0000000000000000C020 /* SFTransitWatch Complication */ = {
			isa = PBXGroup;
			children = (
				CAFE0000000000000000C002 /* ComplicationWidget.swift */,
			);
			path = "SFTransitWatch Complication";
			sourceTree = "<group>";
		};
		CAFE0000000000000000T020 /* SFTransitWatchTests */ = {
			isa = PBXGroup;
			children = (
				CAFE0000000000000000T001 /* BusArrivalTests.swift */,
				CAFE0000000000000000T002 /* BusStopTests.swift */,
				CAFE0000000000000000T003 /* FavoritesManagerTests.swift */,
				CAFE0000000000000000T004 /* TransitAPIParsingTests.swift */,
				CAFE0000000000000000T005 /* AppIntentsTests.swift */,
			);
			path = SFTransitWatchTests;
			sourceTree = "<group>";
		};
/* End PBXGroup section */

/* Begin PBXNativeTarget section */
		CAFE000000000000000001AA /* SFTransitWatch Watch App */ = {
			isa = PBXNativeTarget;
			buildConfigurationList = CAFE000000000000000001AB /* Build configuration list for PBXNativeTarget "SFTransitWatch Watch App" */;
			buildPhases = (
				CAFE000000000000000001AC /* Sources */,
				CAFE000000000000000017A0 /* Frameworks */,
				CAFE000000000000000001AD /* Resources */,
			);
			buildRules = (
			);
			dependencies = (
			);
			name = "SFTransitWatch Watch App";
			productName = "SFTransitWatch Watch App";
			productReference = CAFE000000000000000016A0 /* SFTransitWatch Watch App.app */;
			productType = "com.apple.product-type.application";
		};
		CAFE000000000000000020E0 /* SFTransitWatch */ = {
			isa = PBXNativeTarget;
			buildConfigurationList = CAFE000000000000000020E1 /* Build configuration list for PBXNativeTarget "SFTransitWatch" */;
			buildPhases = (
				CAFE000000000000000020D0 /* Sources */,
				CAFE000000000000000020D2 /* Frameworks */,
				CAFE000000000000000020D1 /* Resources */,
				CAFE000000000000000020D3 /* Embed Watch Content */,
			);
			buildRules = (
			);
			dependencies = (
				CAFE000000000000000020D5 /* PBXTargetDependency */,
			);
			name = SFTransitWatch;
			productName = SFTransitWatch;
			productReference = CAFE000000000000000020BF /* SFTransitWatch.app */;
			productType = "com.apple.product-type.application";
		};
/* End PBXNativeTarget section */

/* Begin PBXProject section */
		CAFE000000000000000000B7 /* Project object */ = {
			isa = PBXProject;
			attributes = {
				BuildIndependentTargetsInParallel = 1;
				LastSwiftUpdateCheck = 1500;
				LastUpgradeCheck = 1640;
				TargetAttributes = {
					CAFE000000000000000001AA = {
						CreatedOnToolsVersion = 15.0;
					};
					CAFE000000000000000020E0 = {
						CreatedOnToolsVersion = 16.4;
					};
				};
			};
			buildConfigurationList = CAFE000000000000000001B8 /* Build configuration list for PBXProject "SFTransitWatch" */;
			compatibilityVersion = "Xcode 14.0";
			developmentRegion = en;
			hasScannedForEncodings = 0;
			knownRegions = (
				en,
				Base,
			);
			mainGroup = CAFE000000000000000018A0;
			productRefGroup = CAFE000000000000000018D0 /* Products */;
			projectDirPath = "";
			projectRoot = "";
			targets = (
				CAFE000000000000000020E0 /* SFTransitWatch */,
				CAFE000000000000000001AA /* SFTransitWatch Watch App */,
			);
		};
/* End PBXProject section */

/* Begin PBXResourcesBuildPhase section */
		CAFE000000000000000001AD /* Resources */ = {
			isa = PBXResourcesBuildPhase;
			buildActionMask = 2147483647;
			files = (
				CAFE000000000000000012E0 /* Assets.xcassets in Resources */,
				CAFE000000000000000013A0 /* Preview Assets.xcassets in Resources */,
			);
			runOnlyForDeploymentPostprocessing = 0;
		};
		CAFE000000000000000020D1 /* Resources */ = {
			isa = PBXResourcesBuildPhase;
			buildActionMask = 2147483647;
			files = (
				CAFE000000000000000020AC /* Assets.xcassets in Resources */,
				CAFE000000000000000020AD /* Preview Assets.xcassets in Resources */,
			);
			runOnlyForDeploymentPostprocessing = 0;
		};
/* End PBXResourcesBuildPhase section */

/* Begin PBXSourcesBuildPhase section */
		CAFE000000000000000001AC /* Sources */ = {
			isa = PBXSourcesBuildPhase;
			buildActionMask = 2147483647;
			files = (
				CAFE000000000000000012A0 /* SFTransitWatchApp.swift in Sources */,
				CAFE000000000000000012C0 /* ContentView.swift in Sources */,
				CAFE000000000000000013C0 /* BusStopListView.swift in Sources */,
				CAFE000000000000000013E0 /* BusArrivalView.swift in Sources */,
				CAFE000000000000000014A0 /* LocationManager.swift in Sources */,
				CAFE000000000000000014C0 /* TransitAPI.swift in Sources */,
				CAFE000000000000000014E0 /* BusStop.swift in Sources */,
				CAFE000000000000000015A0 /* BusArrival.swift in Sources */,
				CAFE000000000000000015CA /* FavoritesManager.swift in Sources */,
				CAFE000000000000000015DA /* SettingsView.swift in Sources */,
				CAFE000000000000000015EA /* SiriManager.swift in Sources */,
				CAFE000000000000000015FA /* SiriShortcutsView.swift in Sources */,
				CAFE0000000000000000P002 /* PinnedStopsManager.swift in Sources */,
				CAFE0000000000000000X002 /* SIRIXMLParser.swift in Sources */,
				CAFE0000000000000000C003 /* ComplicationUpdater.swift in Sources */,
				CAFE000000000000000020F8 /* WatchSession.swift in Sources */,
			);
			runOnlyForDeploymentPostprocessing = 0;
		};
		CAFE000000000000000020D0 /* Sources */ = {
			isa = PBXSourcesBuildPhase;
			buildActionMask = 2147483647;
			files = (
				CAFE000000000000000020A0 /* SFTransitWatchApp.swift in Sources */,
				CAFE000000000000000020A1 /* ContentView.swift in Sources */,
				CAFE000000000000000020A2 /* BusStopListView.swift in Sources */,
				CAFE000000000000000020A3 /* BusArrivalView.swift in Sources */,
				CAFE000000000000000020A4 /* LocationManager.swift in Sources */,
				CAFE000000000000000020A5 /* TransitAPI.swift in Sources */,
				CAFE000000000000000020A6 /* BusStop.swift in Sources */,
				CAFE000000000000000020A7 /* BusArrival.swift in Sources */,
				CAFE000000000000000020A8 /* FavoritesManager.swift in Sources */,
				CAFE000000000000000020A9 /* SettingsView.swift in Sources */,
				CAFE000000000000000020AA /* SiriManager.swift in Sources */,
				CAFE000000000000000020AB /* SiriShortcutsView.swift in Sources */,
				CAFE000000000000000020FA /* PhoneSession.swift in Sources */,
			);
			runOnlyForDeploymentPostprocessing = 0;
		};
/* End PBXSourcesBuildPhase section */

/* Begin PBXTargetDependency section */
		CAFE000000000000000020D5 /* PBXTargetDependency */ = {
			isa = PBXTargetDependency;
			target = CAFE000000000000000001AA /* SFTransitWatch Watch App */;
			targetProxy = CAFE000000000000000020D4 /* PBXContainerItemProxy */;
		};
/* End PBXTargetDependency section */

/* Begin XCBuildConfiguration section */
		CAFE000000000000000001BA /* Debug */ = {
			isa = XCBuildConfiguration;
			baseConfigurationReference = CAFE000000000000000020FC /* Config.xcconfig */;
			buildSettings = {
				ALWAYS_SEARCH_USER_PATHS = NO;
				ASSETCATALOG_COMPILER_GENERATE_SWIFT_ASSET_SYMBOL_EXTENSIONS = YES;
				CLANG_ANALYZER_NONNULL = YES;
				CLANG_ANALYZER_NUMBER_OBJECT_CONVERSION = YES_AGGRESSIVE;
				CLANG_CXX_LANGUAGE_STANDARD = "gnu++20";
				CLANG_ENABLE_MODULES = YES;
				CLANG_ENABLE_OBJC_ARC = YES;
				CLANG_ENABLE_OBJC_WEAK = YES;
				CLANG_WARN_BLOCK_CAPTURE_AUTORELEASING = YES;
				CLANG_WARN_BOOL_CONVERSION = YES;
				CLANG_WARN_COMMA = YES;
				CLANG_WARN_CONSTANT_CONVERSION = YES;
				CLANG_WARN_DEPRECATED_OBJC_IMPLEMENTATIONS = YES;
				CLANG_WARN_DIRECT_OBJC_ISA_USAGE = YES_ERROR;
				CLANG_WARN_DOCUMENTATION_COMMENTS = YES;
				CLANG_WARN_EMPTY_BODY = YES;
				CLANG_WARN_ENUM_CONVERSION = YES;
				CLANG_WARN_INFINITE_RECURSION = YES;
				CLANG_WARN_INT_CONVERSION = YES;
				CLANG_WARN_NON_LITERAL_NULL_CONVERSION = YES;
				CLANG_WARN_OBJC_IMPLICIT_RETAIN_SELF = YES;
				CLANG_WARN_OBJC_LITERAL_CONVERSION = YES;
				CLANG_WARN_OBJC_ROOT_CLASS = YES_ERROR;
				CLANG_WARN_QUOTED_INCLUDE_IN_FRAMEWORK_HEADER = YES;
				CLANG_WARN_RANGE_LOOP_ANALYSIS = YES;
				CLANG_WARN_STRICT_PROTOTYPES = YES;
				CLANG_WARN_SUSPICIOUS_MOVE = YES;
				CLANG_WARN_UNGUARDED_AVAILABILITY = YES_AGGRESSIVE;
				CLANG_WARN_UNREACHABLE_CODE = YES;
				CLANG_WARN__DUPLICATE_METHOD_MATCH = YES;
				COPY_PHASE_STRIP = NO;
				DEBUG_INFORMATION_FORMAT = dwarf;
				DEVELOPMENT_TEAM = 7W4U5RR9QZ;
				ENABLE_STRICT_OBJC_MSGSEND = YES;
				ENABLE_TESTABILITY = YES;
				ENABLE_USER_SCRIPT_SANDBOXING = YES;
				GCC_C_LANGUAGE_STANDARD = gnu17;
				GCC_DYNAMIC_NO_PIC = NO;
				GCC_NO_COMMON_BLOCKS = YES;
				GCC_OPTIMIZATION_LEVEL = 0;
				GCC_PREPROCESSOR_DEFINITIONS = (
					"DEBUG=1",
					"$(inherited)",
				);
				GCC_WARN_64_TO_32_BIT_CONVERSION = YES;
				GCC_WARN_ABOUT_RETURN_TYPE = YES_ERROR;
				GCC_WARN_UNDECLARED_SELECTOR = YES;
				GCC_WARN_UNINITIALIZED_AUTOS = YES_AGGRESSIVE;
				GCC_WARN_UNUSED_FUNCTION = YES;
				GCC_WARN_UNUSED_VARIABLE = YES;
				LOCALIZATION_PREFERS_STRING_CATALOGS = YES;
				MTL_ENABLE_DEBUG_INFO = INCLUDE_SOURCE;
				MTL_FAST_MATH = YES;
				ONLY_ACTIVE_ARCH = YES;
				SDKROOT = watchos;
				SWIFT_ACTIVE_COMPILATION_CONDITIONS = "DEBUG $(inherited)";
				SWIFT_OPTIMIZATION_LEVEL = "-Onone";
				WATCHOS_DEPLOYMENT_TARGET = 10.0;
			};
			name = Debug;
		};
		CAFE000000000000000001BB /* Release */ = {
			isa = XCBuildConfiguration;
			baseConfigurationReference = CAFE000000000000000020FC /* Config.xcconfig */;
			buildSettings = {
				ALWAYS_SEARCH_USER_PATHS = NO;
				ASSETCATALOG_COMPILER_GENERATE_SWIFT_ASSET_SYMBOL_EXTENSIONS = YES;
				CLANG_ANALYZER_NONNULL = YES;
				CLANG_ANALYZER_NUMBER_OBJECT_CONVERSION = YES_AGGRESSIVE;
				CLANG_CXX_LANGUAGE_STANDARD = "gnu++20";
				CLANG_ENABLE_MODULES = YES;
				CLANG_ENABLE_OBJC_ARC = YES;
				CLANG_ENABLE_OBJC_WEAK = YES;
				CLANG_WARN_BLOCK_CAPTURE_AUTORELEASING = YES;
				CLANG_WARN_BOOL_CONVERSION = YES;
				CLANG_WARN_COMMA = YES;
				CLANG_WARN_CONSTANT_CONVERSION = YES;
				CLANG_WARN_DEPRECATED_OBJC_IMPLEMENTATIONS = YES;
				CLANG_WARN_DIRECT_OBJC_ISA_USAGE = YES_ERROR;
				CLANG_WARN_DOCUMENTATION_COMMENTS = YES;
				CLANG_WARN_EMPTY_BODY = YES;
				CLANG_WARN_ENUM_CONVERSION = YES;
				CLANG_WARN_INFINITE_RECURSION = YES;
				CLANG_WARN_INT_CONVERSION = YES;
				CLANG_WARN_NON_LITERAL_NULL_CONVERSION = YES;
				CLANG_WARN_OBJC_IMPLICIT_RETAIN_SELF = YES;
				CLANG_WARN_OBJC_LITERAL_CONVERSION = YES;
				CLANG_WARN_OBJC_ROOT_CLASS = YES_ERROR;
				CLANG_WARN_QUOTED_INCLUDE_IN_FRAMEWORK_HEADER = YES;
				CLANG_WARN_RANGE_LOOP_ANALYSIS = YES;
				CLANG_WARN_STRICT_PROTOTYPES = YES;
				CLANG_WARN_SUSPICIOUS_MOVE = YES;
				CLANG_WARN_UNGUARDED_AVAILABILITY = YES_AGGRESSIVE;
				CLANG_WARN_UNREACHABLE_CODE = YES;
				CLANG_WARN__DUPLICATE_METHOD_MATCH = YES;
				COPY_PHASE_STRIP = NO;
				DEBUG_INFORMATION_FORMAT = "dwarf-with-dsym";
				DEVELOPMENT_TEAM = 7W4U5RR9QZ;
				ENABLE_NS_ASSERTIONS = NO;
				ENABLE_STRICT_OBJC_MSGSEND = YES;
				ENABLE_USER_SCRIPT_SANDBOXING = YES;
				GCC_C_LANGUAGE_STANDARD = gnu17;
				GCC_NO_COMMON_BLOCKS = YES;
				GCC_WARN_64_TO_32_BIT_CONVERSION = YES;
				GCC_WARN_ABOUT_RETURN_TYPE = YES_ERROR;
				GCC_WARN_UNDECLARED_SELECTOR = YES;
				GCC_WARN_UNINITIALIZED_AUTOS = YES_AGGRESSIVE;
				GCC_WARN_UNUSED_FUNCTION = YES;
				GCC_WARN_UNUSED_VARIABLE = YES;
				LOCALIZATION_PREFERS_STRING_CATALOGS = YES;
				MTL_ENABLE_DEBUG_INFO = NO;
				MTL_FAST_MATH = YES;
				SDKROOT = watchos;
				SWIFT_COMPILATION_MODE = wholemodule;
				WATCHOS_DEPLOYMENT_TARGET = 10.0;
			};
			name = Release;
		};
		CAFE000000000000000001BE /* Debug */ = {
			isa = XCBuildConfiguration;
			buildSettings = {
				ASSETCATALOG_COMPILER_APPICON_NAME = AppIcon;
				ASSETCATALOG_COMPILER_GLOBAL_ACCENT_COLOR_NAME = AccentColor;
				CODE_SIGN_ENTITLEMENTS = "SFTransitWatch Watch App/SFTransitWatch Watch App.entitlements";
				CODE_SIGN_STYLE = Automatic;
				GENERATE_INFOPLIST_FILE = NO;
				INFOPLIST_FILE = "SFTransitWatch Watch App/Info.plist";
				INFOPLIST_KEY_NSLocationWhenInUseUsageDescription = "This app needs location access to find nearby bus stops.";
				INFOPLIST_KEY_WKApplication = YES;
				INFOPLIST_KEY_WKCompanionAppBundleIdentifier = org.larner.SFTransitWatch;
				INFOPLIST_KEY_WKRunsIndependentlyOfCompanionApp = YES;
				LD_RUNPATH_SEARCH_PATHS = (
					"$(inherited)",
					"@executable_path/Frameworks",
				);
				PRODUCT_BUNDLE_IDENTIFIER = org.larner.SFTransitWatch.watchkitapp;
				PRODUCT_NAME = "$(TARGET_NAME)";
				SDKROOT = watchos;
				SKIP_INSTALL = YES;
				SWIFT_EMIT_LOC_STRINGS = YES;
				SWIFT_VERSION = 5.0;
				TARGETED_DEVICE_FAMILY = 4;
				WATCHOS_DEPLOYMENT_TARGET = 11.0;
			};
			name = Debug;
		};
		CAFE000000000000000001BF /* Release */ = {
			isa = XCBuildConfiguration;
			buildSettings = {
				ASSETCATALOG_COMPILER_APPICON_NAME = AppIcon;
				ASSETCATALOG_COMPILER_GLOBAL_ACCENT_COLOR_NAME = AccentColor;
				CODE_SIGN_ENTITLEMENTS = "SFTransitWatch Watch App/SFTransitWatch Watch App.entitlements";
				CODE_SIGN_STYLE = Automatic;
				GENERATE_INFOPLIST_FILE = NO;
				INFOPLIST_FILE = "SFTransitWatch Watch App/Info.plist";
				INFOPLIST_KEY_NSLocationWhenInUseUsageDescription = "This app needs location access to find nearby bus stops.";
				INFOPLIST_KEY_WKApplication = YES;
				INFOPLIST_KEY_WKCompanionAppBundleIdentifier = org.larner.SFTransitWatch;
				INFOPLIST_KEY_WKRunsIndependentlyOfCompanionApp = YES;
				LD_RUNPATH_SEARCH_PATHS = (
					"$(inherited)",
					"@executable_path/Frameworks",
				);
				PRODUCT_BUNDLE_IDENTIFIER = org.larner.SFTransitWatch.watchkitapp;
				PRODUCT_NAME = "$(TARGET_NAME)";
				SDKROOT = watchos;
				SKIP_INSTALL = YES;
				SWIFT_EMIT_LOC_STRINGS = YES;
				SWIFT_VERSION = 5.0;
				TARGETED_DEVICE_FAMILY = 4;
				WATCHOS_DEPLOYMENT_TARGET = 11.0;
			};
			name = Release;
		};
		CAFE000000000000000020F0 /* Debug */ = {
			isa = XCBuildConfiguration;
			buildSettings = {
				ASSETCATALOG_COMPILER_APPICON_NAME = AppIcon;
				ASSETCATALOG_COMPILER_GLOBAL_ACCENT_COLOR_NAME = AccentColor;
				CODE_SIGN_STYLE = Automatic;
				DEVELOPMENT_ASSET_PATHS = "\"SFTransitWatch/Preview Content\"";
				ENABLE_PREVIEWS = YES;
				GENERATE_INFOPLIST_FILE = NO;
				INFOPLIST_FILE = SFTransitWatch/Info.plist;
				INFOPLIST_KEY_CFBundleDisplayName = "SF Transit Watch";
				INFOPLIST_KEY_LSApplicationCategoryType = "public.app-category.navigation";
				INFOPLIST_KEY_UIApplicationSceneManifest_Generation = YES;
				INFOPLIST_KEY_UIApplicationSupportsIndirectInputEvents = YES;
				INFOPLIST_KEY_UILaunchScreen_Generation = YES;
				INFOPLIST_KEY_UISupportedInterfaceOrientations_iPad = "UIInterfaceOrientationPortrait UIInterfaceOrientationPortraitUpsideDown UIInterfaceOrientationLandscapeLeft UIInterfaceOrientationLandscapeRight";
				INFOPLIST_KEY_UISupportedInterfaceOrientations_iPhone = "UIInterfaceOrientationPortrait UIInterfaceOrientationLandscapeLeft UIInterfaceOrientationLandscapeRight";
				IPHONEOS_DEPLOYMENT_TARGET = 17.0;
				LD_RUNPATH_SEARCH_PATHS = (
					"$(inherited)",
					"@executable_path/Frameworks",
				);
				PRODUCT_BUNDLE_IDENTIFIER = org.larner.SFTransitWatch;
				PRODUCT_NAME = "$(TARGET_NAME)";
				SDKROOT = iphoneos;
				SWIFT_EMIT_LOC_STRINGS = YES;
				SWIFT_VERSION = 5.0;
				TARGETED_DEVICE_FAMILY = "1,2";
			};
			name = Debug;
		};
		CAFE000000000000000020F1 /* Release */ = {
			isa = XCBuildConfiguration;
			buildSettings = {
				ASSETCATALOG_COMPILER_APPICON_NAME = AppIcon;
				ASSETCATALOG_COMPILER_GLOBAL_ACCENT_COLOR_NAME = AccentColor;
				CODE_SIGN_STYLE = Automatic;
				DEVELOPMENT_ASSET_PATHS = "\"SFTransitWatch/Preview Content\"";
				ENABLE_PREVIEWS = YES;
				GENERATE_INFOPLIST_FILE = NO;
				INFOPLIST_FILE = SFTransitWatch/Info.plist;
				INFOPLIST_KEY_CFBundleDisplayName = "SF Transit Watch";
				INFOPLIST_KEY_LSApplicationCategoryType = "public.app-category.navigation";
				INFOPLIST_KEY_UIApplicationSceneManifest_Generation = YES;
				INFOPLIST_KEY_UIApplicationSupportsIndirectInputEvents = YES;
				INFOPLIST_KEY_UILaunchScreen_Generation = YES;
				INFOPLIST_KEY_UISupportedInterfaceOrientations_iPad = "UIInterfaceOrientationPortrait UIInterfaceOrientationPortraitUpsideDown UIInterfaceOrientationLandscapeLeft UIInterfaceOrientationLandscapeRight";
				INFOPLIST_KEY_UISupportedInterfaceOrientations_iPhone = "UIInterfaceOrientationPortrait UIInterfaceOrientationLandscapeLeft UIInterfaceOrientationLandscapeRight";
				IPHONEOS_DEPLOYMENT_TARGET = 17.0;
				LD_RUNPATH_SEARCH_PATHS = (
					"$(inherited)",
					"@executable_path/Frameworks",
				);
				PRODUCT_BUNDLE_IDENTIFIER = org.larner.SFTransitWatch;
				PRODUCT_NAME = "$(TARGET_NAME)";
				SDKROOT = iphoneos;
				SWIFT_EMIT_LOC_STRINGS = YES;
				SWIFT_VERSION = 5.0;
				TARGETED_DEVICE_FAMILY = "1,2";
			};
			name = Release;
		};
/* End XCBuildConfiguration section */

/* Begin XCConfigurationList section */
		CAFE000000000000000001AB /* Build configuration list for PBXNativeTarget "SFTransitWatch Watch App" */ = {
			isa = XCConfigurationList;
			buildConfigurations = (
				CAFE000000000000000001BE /* Debug */,
				CAFE000000000000000001BF /* Release */,
			);
			defaultConfigurationIsVisible = 0;
			defaultConfigurationName = Release;
		};
		CAFE000000000000000001B8 /* Build configuration list for PBXProject "SFTransitWatch" */ = {
			isa = XCConfigurationList;
			buildConfigurations = (
				CAFE000000000000000001BA /* Debug */,
				CAFE000000000000000001BB /* Release */,
			);
			defaultConfigurationIsVisible = 0;
			defaultConfigurationName = Release;
		};
		CAFE000000000000000020E1 /* Build configuration list for PBXNativeTarget "SFTransitWatch" */ = {
			isa = XCConfigurationList;
			buildConfigurations = (
				CAFE000000000000000020F0 /* Debug */,
				CAFE000000000000000020F1 /* Release */,
			);
			defaultConfigurationIsVisible = 0;
			defaultConfigurationName = Release;
		};
/* End XCConfigurationList section */
	};
	rootObject = CAFE000000000000000000B7 /* Project object */;
}
