<?xml version="1.0" encoding="UTF-8"?>
<Scheme
   LastUpgradeVersion = "2640"
   version = "1.7">
   <BuildAction
      parallelizeBuildables = "YES"
      buildImplicitDependencies = "YES"
      buildArchitectures = "Automatic">
      <BuildActionEntries>
         <BuildActionEntry
            buildForTesting = "YES"
            buildForRunning = "YES"
            buildForProfiling = "YES"
            buildForArchiving = "YES"
            buildForAnalyzing = "YES">
            <BuildableReference
               BuildableIdentifier = "primary"
               BlueprintIdentifier = "CAFE000000000000000001AA"
               BuildableName = "SFTransitWatch Watch App.app"
               BlueprintName = "SFTransitWatch Watch App"
               ReferencedContainer = "container:SFTransitWatch.xcodeproj">
            </BuildableReference>
         </BuildActionEntry>
         <BuildActionEntry
            buildForTesting = "YES"
            buildForRunning = "YES"
            buildForProfiling = "YES"
            buildForArchiving = "YES"
            buildForAnalyzing = "YES">
            <BuildableReference
               BuildableIdentifier = "primary"
               BlueprintIdentifier = "CAFE000000000000000020E0"
               BuildableName = "SFTransitWatch.app"
               BlueprintName = "SFTransitWatch"
               ReferencedContainer = "container:SFTransitWatch.xcodeproj">
            </BuildableReference>
         </BuildActionEntry>
      </BuildActionEntries>
   </BuildAction>
   <TestAction
      buildConfiguration = "Debug"
      selectedDebuggerIdentifier = "Xcode.DebuggerFoundation.Debugger.LLDB"
      selectedLauncherIdentifier = "Xcode.DebuggerFoundation.Launcher.LLDB"
      shouldUseLaunchSchemeArgsEnv = "YES"
      shouldAutocreateTestPlan = "YES">
      <PreActions>
         <ExecutionAction
            ActionType = "Xcode.IDEStandardExecutionActionsCore.ExecutionActionType.ShellScriptAction">
            <ActionContent
               title = "Reset watch sim before tests"
               scriptText = "# Pre-test sim reset. Without this, watchOS UI test runs intermittently&#10;# fail with &quot;Unknown application display identifier&quot; from a stale install&#10;# registry on the cloned simulator. simctl erase wipes the registry.&#10;#&#10;# NOTE: We deliberately do NOT delete DerivedData here, even though that&#10;# is the other half of the manual-recovery dance. xcodebuild allocates&#10;# its result-bundle path inside DerivedData *before* this pre-action&#10;# fires, and wiping the directory mid-run produces&#10;# &quot;mkstemp: No such file or directory&quot;. If sim-erase alone proves&#10;# insufficient, run `bin/run-watch-snapshot-tests.sh` (which wipes&#10;# DerivedData first, then invokes xcodebuild) instead.&#10;#&#10;# Logs go to /tmp/sftransit-preaction.log so we can verify the action&#10;# actually fires under xcodebuild (not just Xcode UI).&#10;LOG=/tmp/sftransit-preaction.log&#10;echo &quot;[$(date)] sftransit watch test pre-action firing&quot; &gt;&gt; &quot;$LOG&quot;&#10;&#10;/usr/bin/xcrun simctl shutdown all &gt;&gt; &quot;$LOG&quot; 2&gt;&amp;1 || true&#10;&#10;for SIM in &quot;Apple Watch Ultra 3 (49mm)&quot; &quot;Apple Watch Ultra 2 (49mm)&quot;; do&#10;    /usr/bin/xcrun simctl erase &quot;$SIM&quot; &gt;&gt; &quot;$LOG&quot; 2&gt;&amp;1 || true&#10;done&#10;&#10;echo &quot;[$(date)] sftransit watch test pre-action done&quot; &gt;&gt; &quot;$LOG&quot;&#10;exit 0&#10;">
               <EnvironmentBuildable>
                  <BuildableReference
                     BuildableIdentifier = "primary"
                     BlueprintIdentifier = "CAFE000000000000000001AA"
                     BuildableName = "SFTransitWatch Watch App.app"
                     BlueprintName = "SFTransitWatch Watch App"
                     ReferencedContainer = "container:SFTransitWatch.xcodeproj">
                  </BuildableReference>
               </EnvironmentBuildable>
            </ActionContent>
         </ExecutionAction>
      </PreActions>
      <Testables>
         <TestableReference
            skipped = "NO"
            parallelizable = "YES">
            <BuildableReference
               BuildableIdentifier = "primary"
               BlueprintIdentifier = "84C1B1D92F9DE3D700833749"
               BuildableName = "SFTransitWatchTests.xctest"
               BlueprintName = "SFTransitWatchTests"
               ReferencedContainer = "container:SFTransitWatch.xcodeproj">
            </BuildableReference>
         </TestableReference>
         <TestableReference
            skipped = "NO"
            parallelizable = "YES">
            <BuildableReference
               BuildableIdentifier = "primary"
               BlueprintIdentifier = "84E0253D2FAD714C006B3F47"
               BuildableName = "SFTransitWatchUITests.xctest"
               BlueprintName = "SFTransitWatchUITests"
               ReferencedContainer = "container:SFTransitWatch.xcodeproj">
            </BuildableReference>
         </TestableReference>
      </Testables>
   </TestAction>
   <LaunchAction
      buildConfiguration = "Debug"
      selectedDebuggerIdentifier = "Xcode.DebuggerFoundation.Debugger.LLDB"
      selectedLauncherIdentifier = "Xcode.DebuggerFoundation.Launcher.LLDB"
      launchStyle = "0"
      useCustomWorkingDirectory = "NO"
      ignoresPersistentStateOnLaunch = "NO"
      debugDocumentVersioning = "YES"
      debugServiceExtension = "internal"
      allowLocationSimulation = "YES"
      queueDebuggingEnableBacktraceRecording = "Yes">
      <BuildableProductRunnable
         runnableDebuggingMode = "0">
         <BuildableReference
            BuildableIdentifier = "primary"
            BlueprintIdentifier = "CAFE000000000000000001AA"
            BuildableName = "SFTransitWatch Watch App.app"
            BlueprintName = "SFTransitWatch Watch App"
            ReferencedContainer = "container:SFTransitWatch.xcodeproj">
         </BuildableReference>
      </BuildableProductRunnable>
   </LaunchAction>
   <ProfileAction
      buildConfiguration = "Release"
      shouldUseLaunchSchemeArgsEnv = "YES"
      savedToolIdentifier = ""
      useCustomWorkingDirectory = "NO"
      debugDocumentVersioning = "YES">
      <BuildableProductRunnable
         runnableDebuggingMode = "0">
         <BuildableReference
            BuildableIdentifier = "primary"
            BlueprintIdentifier = "CAFE000000000000000001AA"
            BuildableName = "SFTransitWatch Watch App.app"
            BlueprintName = "SFTransitWatch Watch App"
            ReferencedContainer = "container:SFTransitWatch.xcodeproj">
         </BuildableReference>
      </BuildableProductRunnable>
   </ProfileAction>
   <AnalyzeAction
      buildConfiguration = "Debug">
   </AnalyzeAction>
   <ArchiveAction
      buildConfiguration = "Release"
      revealArchiveInOrganizer = "YES">
   </ArchiveAction>
</Scheme>
